// !$*UTF8*$!
{
	archiveVersion = 1;
	classes = {
	};
	objectVersion = 56;
	objects = {

/* Begin PBXBuildFile section */
		D7B322B32C2710F9000F33DE /* speed_cameraApp.swift in Sources */ = {isa = PBXBuildFile; fileRef = D7B322B22C2710F9000F33DE /* speed_cameraApp.swift */; };
		D7B322B52C2710F9000F33DE /* ContentView.swift in Sources */ = {isa = PBXBuildFile; fileRef = D7B322B42C2710F9000F33DE /* ContentView.swift */; };
		D7B322B72C2710FA000F33DE /* Assets.xcassets in Resources */ = {isa = PBXBuildFile; fileRef = D7B322B62C2710FA000F33DE /* Assets.xcassets */; };
		D7B322BB2C2710FA000F33DE /* Preview Assets.xcassets in Resources */ = {isa = PBXBuildFile; fileRef = D7B322BA2C2710FA000F33DE /* Preview Assets.xcassets */; };
		D7B322C52C2710FB000F33DE /* speed_cameraTests.swift in Sources */ = {isa = PBXBuildFile; fileRef = D7B322C42C2710FB000F33DE /* speed_cameraTests.swift */; };
		D7B322CF2C2710FB000F33DE /* speed_cameraUITests.swift in Sources */ = {isa = PBXBuildFile; fileRef = D7B322CE2C2710FB000F33DE /* speed_cameraUITests.swift */; };
		D7B322D12C2710FB000F33DE /* speed_cameraUITestsLaunchTests.swift in Sources */ = {isa = PBXBuildFile; fileRef = D7B322D02C2710FB000F33DE /* speed_cameraUITestsLaunchTests.swift */; };
/* End PBXBuildFile section */

/* Begin PBXContainerItemProxy section */
		D7B322C12C2710FB000F33DE /* PBXContainerItemProxy */ = {
			isa = PBXContainerItemProxy;
			containerPortal = D7B322A72C2710F9000F33DE /* Project object */;
			proxyType = 1;
			remoteGlobalIDString = D7B322AE2C2710F9000F33DE;
			remoteInfo = speed_camera;
		};
		D7B322CB2C2710FB000F33DE /* PBXContainerItemProxy */ = {
			isa = PBXContainerItemProxy;
			containerPortal = D7B322A72C2710F9000F33DE /* Project object */;
			proxyType = 1;
			remoteGlobalIDString = D7B322AE2C2710F9000F33DE;
			remoteInfo = speed_camera;
		};
/* End PBXContainerItemProxy section */

/* Begin PBXFileReference section */
		D7B322AF2C2710F9000F33DE /* speed_camera.app */ = {isa = PBXFileReference; explicitFileType = wrapper.application; includeInIndex = 0; path = speed_camera.app; sourceTree = BUILT_PRODUCTS_DIR; };
		D7B322B22C2710F9000F33DE /* speed_cameraApp.swift */ = {isa = PBXFileReference; lastKnownFileType = sourcecode.swift; path = speed_cameraApp.swift; sourceTree = "<group>"; };
		D7B322B42C2710F9000F33DE /* ContentView.swift */ = {isa = PBXFileReference; lastKnownFileType = sourcecode.swift; path = ContentView.swift; sourceTree = "<group>"; };
		D7B322B62C2710FA000F33DE /* Assets.xcassets */ = {isa = PBXFileReference; lastKnownFileType = folder.assetcatalog; path = Assets.xcassets; sourceTree = "<group>"; };
		D7B322B82C2710FA000F33DE /* speed_camera.entitlements */ = {isa = PBXFileReference; lastKnownFileType = text.plist.entitlements; path = speed_camera.entitlements; sourceTree = "<group>"; };
		D7B322BA2C2710FA000F33DE /* Preview Assets.xcassets */ = {isa = PBXFileReference; lastKnownFileType = folder.assetcatalog; path = "Preview Assets.xcassets"; sourceTree = "<group>"; };
		D7B322C02C2710FB000F33DE /* speed_cameraTests.xctest */ = {isa = PBXFileReference; explicitFileType = wrapper.cfbundle; includeInIndex = 0; path = speed_cameraTests.xctest; sourceTree = BUILT_PRODUCTS_DIR; };
		D7B322C42C2710FB000F33DE /* speed_cameraTests.swift */ = {isa = PBXFileReference; lastKnownFileType = sourcecode.swift; path = speed_cameraTests.swift; sourceTree = "<group>"; };
		D7B322CA2C2710FB000F33DE /* speed_cameraUITests.xctest */ = {isa = PBXFileReference; explicitFileType = wrapper.cfbundle; includeInIndex = 0; path = speed_cameraUITests.xctest; sourceTree = BUILT_PRODUCTS_DIR; };
		D7B322CE2C2710FB000F33DE /* speed_cameraUITests.swift */ = {isa = PBXFileReference; lastKnownFileType = sourcecode.swift; path = speed_cameraUITests.swift; sourceTree = "<group>"; };
		D7B322D02C2710FB000F33DE /* speed_cameraUITestsLaunchTests.swift */ = {isa = PBXFileReference; lastKnownFileType = sourcecode.swift; path = speed_cameraUITestsLaunchTests.swift; sourceTree = "<group>"; };
/* End PBXFileReference section */

/* Begin PBXFrameworksBuildPhase section */
		D7B322AC2C2710F9000F33DE /* Frameworks */ = {
			isa = PBXFrameworksBuildPhase;
			buildActionMask = 2147483647;
			files = (
			);
			runOnlyForDeploymentPostprocessing = 0;
		};
		D7B322BD2C2710FB000F33DE /* Frameworks */ = {
			isa = PBXFrameworksBuildPhase;
			buildActionMask = 2147483647;
			files = (
			);
			runOnlyForDeploymentPostprocessing = 0;
		};
		D7B322C72C2710FB000F33DE /* Frameworks */ = {
			isa = PBXFrameworksBuildPhase;
			buildActionMask = 2147483647;
			files = (
			);
			runOnlyForDeploymentPostprocessing = 0;
		};
/* End PBXFrameworksBuildPhase section */

/* Begin PBXGroup section */
		D7B322A62C2710F9000F33DE = {
			isa = PBXGroup;
			children = (
				D7B322B12C2710F9000F33DE /* speed_camera */,
				D7B322C32C2710FB000F33DE /* speed_cameraTests */,
				D7B322CD2C2710FB000F33DE /* speed_cameraUITests */,
				D7B322B02C2710F9000F33DE /* Products */,
			);
			sourceTree = "<group>";
		};
		D7B322B02C2710F9000F33DE /* Products */ = {
			isa = PBXGroup;
			children = (
				D7B322AF2C2710F9000F33DE /* speed_camera.app */,
				D7B322C02C2710FB000F33DE /* speed_cameraTests.xctest */,
				D7B322CA2C2710FB000F33DE /* speed_cameraUITests.xctest */,
			);
			name = Products;
			sourceTree = "<group>";
		};
		D7B322B12C2710F9000F33DE /* speed_camera */ = {
			isa = PBXGroup;
			children = (
				D7B322B22C2710F9000F33DE /* speed_cameraApp.swift */,
				D7B322B42C2710F9000F33DE /* ContentView.swift */,
				D7B322B62C2710FA000F33DE /* Assets.xcassets */,
				D7B322B82C2710FA000F33DE /* speed_camera.entitlements */,
				D7B322B92C2710FA000F33DE /* Preview Content */,
			);
			path = speed_camera;
			sourceTree = "<group>";
		};
		D7B322B92C2710FA000F33DE /* Preview Content */ = {
			isa = PBXGroup;
			children = (
				D7B322BA2C2710FA000F33DE /* Preview Assets.xcassets */,
			);
			path = "Preview Content";
			sourceTree = "<group>";
		};
		D7B322C32C2710FB000F33DE /* speed_cameraTests */ = {
			isa = PBXGroup;
			children = (
				D7B322C42C2710FB000F33DE /* speed_cameraTests.swift */,
			);
			path = speed_cameraTests;
			sourceTree = "<group>";
		};
		D7B322CD2C2710FB000F33DE /* speed_cameraUITests */ = {
			isa = PBXGroup;
			children = (
				D7B322CE2C2710FB000F33DE /* speed_cameraUITests.swift */,
				D7B322D02C2710FB000F33DE /* speed_cameraUITestsLaunchTests.swift */,
			);
			path = speed_cameraUITests;
			sourceTree = "<group>";
		};
/* End PBXGroup section */

/* Begin PBXNativeTarget section */
		D7B322AE2C2710F9000F33DE /* speed_camera */ = {
			isa = PBXNativeTarget;
			buildConfigurationList = D7B322D42C2710FB000F33DE /* Build configuration list for PBXNativeTarget "speed_camera" */;
			buildPhases = (
				D7B322AB2C2710F9000F33DE /* Sources */,
				D7B322AC2C2710F9000F33DE /* Frameworks */,
				D7B322AD2C2710F9000F33DE /* Resources */,
			);
			buildRules = (
			);
			dependencies = (
			);
			name = speed_camera;
			productName = speed_camera;
			productReference = D7B322AF2C2710F9000F33DE /* speed_camera.app */;
			productType = "com.apple.product-type.application";
		};
		D7B322BF2C2710FB000F33DE /* speed_cameraTests */ = {
			isa = PBXNativeTarget;
			buildConfigurationList = D7B322D72C2710FB000F33DE /* Build configuration list for PBXNativeTarget "speed_cameraTests" */;
			buildPhases = (
				D7B322BC2C2710FB000F33DE /* Sources */,
				D7B322BD2C2710FB000F33DE /* Frameworks */,
				D7B322BE2C2710FB000F33DE /* Resources */,
			);
			buildRules = (
			);
			dependencies = (
				D7B322C22C2710FB000F33DE /* PBXTargetDependency */,
			);
			name = speed_cameraTests;
			productName = speed_cameraTests;
			productReference = D7B322C02C2710FB000F33DE /* speed_cameraTests.xctest */;
			productType = "com.apple.product-type.bundle.unit-test";
		};
		D7B322C92C2710FB000F33DE /* speed_cameraUITests */ = {
			isa = PBXNativeTarget;
			buildConfigurationList = D7B322DA2C2710FB000F33DE /* Build configuration list for PBXNativeTarget "speed_cameraUITests" */;
			buildPhases = (
				D7B322C62C2710FB000F33DE /* Sources */,
				D7B322C72C2710FB000F33DE /* Frameworks */,
				D7B322C82C2710FB000F33DE /* Resources */,
			);
			buildRules = (
			);
			dependencies = (
				D7B322CC2C2710FB000F33DE /* PBXTargetDependency */,
			);
			name = speed_cameraUITests;
			productName = speed_cameraUITests;
			productReference = D7B322CA2C2710FB000F33DE /* speed_cameraUITests.xctest */;
			productType = "com.apple.product-type.bundle.ui-testing";
		};
/* End PBXNativeTarget section */

/* Begin PBXProject section */
		D7B322A72C2710F9000F33DE /* Project object */ = {
			isa = PBXProject;
			attributes = {
				BuildIndependentTargetsInParallel = 1;
				LastSwiftUpdateCheck = 1540;
				LastUpgradeCheck = 1540;
				TargetAttributes = {
					D7B322AE2C2710F9000F33DE = {
						CreatedOnToolsVersion = 15.4;
					};
					D7B322BF2C2710FB000F33DE = {
						CreatedOnToolsVersion = 15.4;
						TestTargetID = D7B322AE2C2710F9000F33DE;
					};
					D7B322C92C2710FB000F33DE = {
						CreatedOnToolsVersion = 15.4;
						TestTargetID = D7B322AE2C2710F9000F33DE;
					};
				};
			};
			buildConfigurationList = D7B322AA2C2710F9000F33DE /* Build configuration list for PBXProject "speed_camera" */;
			compatibilityVersion = "Xcode 14.0";
			developmentRegion = en;
			hasScannedForEncodings = 0;
			knownRegions = (
				en,
				Base,
			);
			mainGroup = D7B322A62C2710F9000F33DE;
			productRefGroup = D7B322B02C2710F9000F33DE /* Products */;
			projectDirPath = "";
			projectRoot = "";
			targets = (
				D7B322AE2C2710F9000F33DE /* speed_camera */,
				D7B322BF2C2710FB000F33DE /* speed_cameraTests */,
				D7B322C92C2710FB000F33DE /* speed_cameraUITests */,
			);
		};
/* End PBXProject section */

/* Begin PBXResourcesBuildPhase section */
		D7B322AD2C2710F9000F33DE /* Resources */ = {
			isa = PBXResourcesBuildPhase;
			buildActionMask = 2147483647;
			files = (
				D7B322BB2C2710FA000F33DE /* Preview Assets.xcassets in Resources */,
				D7B322B72C2710FA000F33DE /* Assets.xcassets in Resources */,
			);
			runOnlyForDeploymentPostprocessing = 0;
		};
		D7B322BE2C2710FB000F33DE /* Resources */ = {
			isa = PBXResourcesBuildPhase;
			buildActionMask = 2147483647;
			files = (
			);
			runOnlyForDeploymentPostprocessing = 0;
		};
		D7B322C82C2710FB000F33DE /* Resources */ = {
			isa = PBXResourcesBuildPhase;
			buildActionMask = 2147483647;
			files = (
			);
			runOnlyForDeploymentPostprocessing = 0;
		};
/* End PBXResourcesBuildPhase section */

/* Begin PBXSourcesBuildPhase section */
		D7B322AB2C2710F9000F33DE /* Sources */ = {
			isa = PBXSourcesBuildPhase;
			buildActionMask = 2147483647;
			files = (
				D7B322B52C2710F9000F33DE /* ContentView.swift in Sources */,
				D7B322B32C2710F9000F33DE /* speed_cameraApp.swift in Sources */,
			);
			runOnlyForDeploymentPostprocessing = 0;
		};
		D7B322BC2C2710FB000F33DE /* Sources */ = {
			isa = PBXSourcesBuildPhase;
			buildActionMask = 2147483647;
			files = (
				D7B322C52C2710FB000F33DE /* speed_cameraTests.swift in Sources */,
			);
			runOnlyForDeploymentPostprocessing = 0;
		};
		D7B322C62C2710FB000F33DE /* Sources */ = {
			isa = PBXSourcesBuildPhase;
			buildActionMask = 2147483647;
			files = (
				D7B322CF2C2710FB000F33DE /* speed_cameraUITests.swift in Sources */,
				D7B322D12C2710FB000F33DE /* speed_cameraUITestsLaunchTests.swift in Sources */,
			);
			runOnlyForDeploymentPostprocessing = 0;
		};
/* End PBXSourcesBuildPhase section */

/* Begin PBXTargetDependency section */
		D7B322C22C2710FB000F33DE /* PBXTargetDependency */ = {
			isa = PBXTargetDependency;
			target = D7B322AE2C2710F9000F33DE /* speed_camera */;
			targetProxy = D7B322C12C2710FB000F33DE /* PBXContainerItemProxy */;
		};
		D7B322CC2C2710FB000F33DE /* PBXTargetDependency */ = {
			isa = PBXTargetDependency;
			target = D7B322AE2C2710F9000F33DE /* speed_camera */;
			targetProxy = D7B322CB2C2710FB000F33DE /* PBXContainerItemProxy */;
		};
/* End PBXTargetDependency section */

/* Begin XCBuildConfiguration section */
		D7B322D22C2710FB000F33DE /* Debug */ = {
			isa = XCBuildConfiguration;
			buildSettings = {
				ALWAYS_SEARCH_USER_PATHS = NO;
				ASSETCATALOG_COMPILER_GENERATE_SWIFT_ASSET_SYMBOL_EXTENSIONS = YES;
				CLANG_ANALYZER_NONNULL = YES;
				CLANG_ANALYZER_NUMBER_OBJECT_CONVERSION = YES_AGGRESSIVE;
				CLANG_CXX_LANGUAGE_STANDARD = "gnu++20";
				CLANG_ENABLE_MODULES = YES;
				CLANG_ENABLE_OBJC_ARC = YES;
				CLANG_ENABLE_OBJC_WEAK = YES;
				CLANG_WARN_BLOCK_CAPTURE_AUTORELEASING = YES;
				CLANG_WARN_BOOL_CONVERSION = YES;
				CLANG_WARN_COMMA = YES;
				CLANG_WARN_CONSTANT_CONVERSION = YES;
				CLANG_WARN_DEPRECATED_OBJC_IMPLEMENTATIONS = YES;
				CLANG_WARN_DIRECT_OBJC_ISA_USAGE = YES_ERROR;
				CLANG_WARN_DOCUMENTATION_COMMENTS = YES;
				CLANG_WARN_EMPTY_BODY = YES;
				CLANG_WARN_ENUM_CONVERSION = YES;
				CLANG_WARN_INFINITE_RECURSION = YES;
				CLANG_WARN_INT_CONVERSION = YES;
				CLANG_WARN_NON_LITERAL_NULL_CONVERSION = YES;
				CLANG_WARN_OBJC_IMPLICIT_RETAIN_SELF = YES;
				CLANG_WARN_OBJC_LITERAL_CONVERSION = YES;
				CLANG_WARN_OBJC_ROOT_CLASS = YES_ERROR;
				CLANG_WARN_QUOTED_INCLUDE_IN_FRAMEWORK_HEADER = YES;
				CLANG_WARN_RANGE_LOOP_ANALYSIS = YES;
				CLANG_WARN_STRICT_PROTOTYPES = YES;
				CLANG_WARN_SUSPICIOUS_MOVE = YES;
				CLANG_WARN_UNGUARDED_AVAILABILITY = YES_AGGRESSIVE;
				CLANG_WARN_UNREACHABLE_CODE = YES;
				CLANG_WARN__DUPLICATE_METHOD_MATCH = YES;
				COPY_PHASE_STRIP = NO;
				DEBUG_INFORMATION_FORMAT = dwarf;
				ENABLE_STRICT_OBJC_MSGSEND = YES;
				ENABLE_TESTABILITY = YES;
				ENABLE_USER_SCRIPT_SANDBOXING = YES;
				GCC_C_LANGUAGE_STANDARD = gnu17;
				GCC_DYNAMIC_NO_PIC = NO;
				GCC_NO_COMMON_BLOCKS = YES;
				GCC_OPTIMIZATION_LEVEL = 0;
				GCC_PREPROCESSOR_DEFINITIONS = (
					"DEBUG=1",
					"$(inherited)",
				);
				GCC_WARN_64_TO_32_BIT_CONVERSION = YES;
				GCC_WARN_ABOUT_RETURN_TYPE = YES_ERROR;
				GCC_WARN_UNDECLARED_SELECTOR = YES;
				GCC_WARN_UNINITIALIZED_AUTOS = YES_AGGRESSIVE;
				GCC_WARN_UNUSED_FUNCTION = YES;
				GCC_WARN_UNUSED_VARIABLE = YES;
				LOCALIZATION_PREFERS_STRING_CATALOGS = YES;
				MTL_ENABLE_DEBUG_INFO = INCLUDE_SOURCE;
				MTL_FAST_MATH = YES;
				ONLY_ACTIVE_ARCH = YES;
				SWIFT_ACTIVE_COMPILATION_CONDITIONS = "DEBUG $(inherited)";
				SWIFT_OPTIMIZATION_LEVEL = "-Onone";
			};
			name = Debug;
		};
		D7B322D32C2710FB000F33DE /* Release */ = {
			isa = XCBuildConfiguration;
			buildSettings = {
				ALWAYS_SEARCH_USER_PATHS = NO;
				ASSETCATALOG_COMPILER_GENERATE_SWIFT_ASSET_SYMBOL_EXTENSIONS = YES;
				CLANG_ANALYZER_NONNULL = YES;
				CLANG_ANALYZER_NUMBER_OBJECT_CONVERSION = YES_AGGRESSIVE;
				CLANG_CXX_LANGUAGE_STANDARD = "gnu++20";
				CLANG_ENABLE_MODULES = YES;
				CLANG_ENABLE_OBJC_ARC = YES;
				CLANG_ENABLE_OBJC_WEAK = YES;
				CLANG_WARN_BLOCK_CAPTURE_AUTORELEASING = YES;
				CLANG_WARN_BOOL_CONVERSION = YES;
				CLANG_WARN_COMMA = YES;
				CLANG_WARN_CONSTANT_CONVERSION = YES;
				CLANG_WARN_DEPRECATED_OBJC_IMPLEMENTATIONS = YES;
				CLANG_WARN_DIRECT_OBJC_ISA_USAGE = YES_ERROR;
				CLANG_WARN_DOCUMENTATION_COMMENTS = YES;
				CLANG_WARN_EMPTY_BODY = YES;
				CLANG_WARN_ENUM_CONVERSION = YES;
				CLANG_WARN_INFINITE_RECURSION = YES;
				CLANG_WARN_INT_CONVERSION = YES;
				CLANG_WARN_NON_LITERAL_NULL_CONVERSION = YES;
				CLANG_WARN_OBJC_IMPLICIT_RETAIN_SELF = YES;
				CLANG_WARN_OBJC_LITERAL_CONVERSION = YES;
				CLANG_WARN_OBJC_ROOT_CLASS = YES_ERROR;
				CLANG_WARN_QUOTED_INCLUDE_IN_FRAMEWORK_HEADER = YES;
				CLANG_WARN_RANGE_LOOP_ANALYSIS = YES;
				CLANG_WARN_STRICT_PROTOTYPES = YES;
				CLANG_WARN_SUSPICIOUS_MOVE = YES;
				CLANG_WARN_UNGUARDED_AVAILABILITY = YES_AGGRESSIVE;
				CLANG_WARN_UNREACHABLE_CODE = YES;
				CLANG_WARN__DUPLICATE_METHOD_MATCH = YES;
				COPY_PHASE_STRIP = NO;
				DEBUG_INFORMATION_FORMAT = "dwarf-with-dsym";
				ENABLE_NS_ASSERTIONS = NO;
				ENABLE_STRICT_OBJC_MSGSEND = YES;
				ENABLE_USER_SCRIPT_SANDBOXING = YES;
				GCC_C_LANGUAGE_STANDARD = gnu17;
				GCC_NO_COMMON_BLOCKS = YES;
				GCC_WARN_64_TO_32_BIT_CONVERSION = YES;
				GCC_WARN_ABOUT_RETURN_TYPE = YES_ERROR;
				GCC_WARN_UNDECLARED_SELECTOR = YES;
				GCC_WARN_UNINITIALIZED_AUTOS = YES_AGGRESSIVE;
				GCC_WARN_UNUSED_FUNCTION = YES;
				GCC_WARN_UNUSED_VARIABLE = YES;
				LOCALIZATION_PREFERS_STRING_CATALOGS = YES;
				MTL_ENABLE_DEBUG_INFO = NO;
				MTL_FAST_MATH = YES;
				SWIFT_COMPILATION_MODE = wholemodule;
			};
			name = Release;
		};
		D7B322D52C2710FB000F33DE /* Debug */ = {
			isa = XCBuildConfiguration;
			buildSettings = {
				ASSETCATALOG_COMPILER_APPICON_NAME = AppIcon;
				ASSETCATALOG_COMPILER_GLOBAL_ACCENT_COLOR_NAME = AccentColor;
				CODE_SIGN_ENTITLEMENTS = speed_camera/speed_camera.entitlements;
				CODE_SIGN_STYLE = Automatic;
				CURRENT_PROJECT_VERSION = 1;
				DEVELOPMENT_ASSET_PATHS = "\"speed_camera/Preview Content\"";
				DEVELOPMENT_TEAM = Y4HX7H44DM;
				ENABLE_HARDENED_RUNTIME = YES;
				ENABLE_PREVIEWS = YES;
				GENERATE_INFOPLIST_FILE = YES;
				"INFOPLIST_KEY_UIApplicationSceneManifest_Generation[sdk=iphoneos*]" = YES;
				"INFOPLIST_KEY_UIApplicationSceneManifest_Generation[sdk=iphonesimulator*]" = YES;
				"INFOPLIST_KEY_UIApplicationSupportsIndirectInputEvents[sdk=iphoneos*]" = YES;
				"INFOPLIST_KEY_UIApplicationSupportsIndirectInputEvents[sdk=iphonesimulator*]" = YES;
				"INFOPLIST_KEY_UILaunchScreen_Generation[sdk=iphoneos*]" = YES;
				"INFOPLIST_KEY_UILaunchScreen_Generation[sdk=iphonesimulator*]" = YES;
				"INFOPLIST_KEY_UIStatusBarStyle[sdk=iphoneos*]" = UIStatusBarStyleDefault;
				"INFOPLIST_KEY_UIStatusBarStyle[sdk=iphonesimulator*]" = UIStatusBarStyleDefault;
				INFOPLIST_KEY_UISupportedInterfaceOrientations_iPad = "UIInterfaceOrientationPortrait UIInterfaceOrientationPortraitUpsideDown UIInterfaceOrientationLandscapeLeft UIInterfaceOrientationLandscapeRight";
				INFOPLIST_KEY_UISupportedInterfaceOrientations_iPhone = "UIInterfaceOrientationPortrait UIInterfaceOrientationLandscapeLeft UIInterfaceOrientationLandscapeRight";
				IPHONEOS_DEPLOYMENT_TARGET = 17.5;
				LD_RUNPATH_SEARCH_PATHS = "@executable_path/Frameworks";
				"LD_RUNPATH_SEARCH_PATHS[sdk=macosx*]" = "@executable_path/../Frameworks";
				MACOSX_DEPLOYMENT_TARGET = 14.5;
				MARKETING_VERSION = 1.0;
				PRODUCT_BUNDLE_IDENTIFIER = "com.app.speed-camera";
				PRODUCT_NAME = "$(TARGET_NAME)";
				SDKROOT = auto;
				SUPPORTED_PLATFORMS = "iphoneos iphonesimulator macosx";
				SWIFT_EMIT_LOC_STRINGS = YES;
				SWIFT_VERSION = 5.0;
				TARGETED_DEVICE_FAMILY = "1,2";
			};
			name = Debug;
		};
		D7B322D62C2710FB000F33DE /* Release */ = {
			isa = XCBuildConfiguration;
			buildSettings = {
				ASSETCATALOG_COMPILER_APPICON_NAME = AppIcon;
				ASSETCATALOG_COMPILER_GLOBAL_ACCENT_COLOR_NAME = AccentColor;
				CODE_SIGN_ENTITLEMENTS = speed_camera/speed_camera.entitlements;
				CODE_SIGN_STYLE = Automatic;
				CURRENT_PROJECT_VERSION = 1;
				DEVELOPMENT_ASSET_PATHS = "\"speed_camera/Preview Content\"";
				DEVELOPMENT_TEAM = Y4HX7H44DM;
				ENABLE_HARDENED_RUNTIME = YES;
				ENABLE_PREVIEWS = YES;
				GENERATE_INFOPLIST_FILE = YES;
				"INFOPLIST_KEY_UIApplicationSceneManifest_Generation[sdk=iphoneos*]" = YES;
				"INFOPLIST_KEY_UIApplicationSceneManifest_Generation[sdk=iphonesimulator*]" = YES;
				"INFOPLIST_KEY_UIApplicationSupportsIndirectInputEvents[sdk=iphoneos*]" = YES;
				"INFOPLIST_KEY_UIApplicationSupportsIndirectInputEvents[sdk=iphonesimulator*]" = YES;
				"INFOPLIST_KEY_UILaunchScreen_Generation[sdk=iphoneos*]" = YES;
				"INFOPLIST_KEY_UILaunchScreen_Generation[sdk=iphonesimulator*]" = YES;
				"INFOPLIST_KEY_UIStatusBarStyle[sdk=iphoneos*]" = UIStatusBarStyleDefault;
				"INFOPLIST_KEY_UIStatusBarStyle[sdk=iphonesimulator*]" = UIStatusBarStyleDefault;
				INFOPLIST_KEY_UISupportedInterfaceOrientations_iPad = "UIInterfaceOrientationPortrait UIInterfaceOrientationPortraitUpsideDown UIInterfaceOrientationLandscapeLeft UIInterfaceOrientationLandscapeRight";
				INFOPLIST_KEY_UISupportedInterfaceOrientations_iPhone = "UIInterfaceOrientationPortrait UIInterfaceOrientationLandscapeLeft UIInterfaceOrientationLandscapeRight";
				IPHONEOS_DEPLOYMENT_TARGET = 17.5;
				LD_RUNPATH_SEARCH_PATHS = "@executable_path/Frameworks";
				"LD_RUNPATH_SEARCH_PATHS[sdk=macosx*]" = "@executable_path/../Frameworks";
				MACOSX_DEPLOYMENT_TARGET = 14.5;
				MARKETING_VERSION = 1.0;
				PRODUCT_BUNDLE_IDENTIFIER = "com.app.speed-camera";
				PRODUCT_NAME = "$(TARGET_NAME)";
				SDKROOT = auto;
				SUPPORTED_PLATFORMS = "iphoneos iphonesimulator macosx";
				SWIFT_EMIT_LOC_STRINGS = YES;
				SWIFT_VERSION = 5.0;
				TARGETED_DEVICE_FAMILY = "1,2";
			};
			name = Release;
		};
		D7B322D82C2710FB000F33DE /* Debug */ = {
			isa = XCBuildConfiguration;
			buildSettings = {
				ALWAYS_EMBED_SWIFT_STANDARD_LIBRARIES = YES;
				BUNDLE_LOADER = "$(TEST_HOST)";
				CODE_SIGN_STYLE = Automatic;
				CURRENT_PROJECT_VERSION = 1;
				DEVELOPMENT_TEAM = Y4HX7H44DM;
				GENERATE_INFOPLIST_FILE = YES;
				IPHONEOS_DEPLOYMENT_TARGET = 17.5;
				MACOSX_DEPLOYMENT_TARGET = 14.5;
				MARKETING_VERSION = 1.0;
				PRODUCT_BUNDLE_IDENTIFIER = "com.app.speed-cameraTests";
				PRODUCT_NAME = "$(TARGET_NAME)";
				SDKROOT = auto;
				SUPPORTED_PLATFORMS = "iphoneos iphonesimulator macosx";
				SWIFT_EMIT_LOC_STRINGS = NO;
				SWIFT_VERSION = 5.0;
				TARGETED_DEVICE_FAMILY = "1,2";
				TEST_HOST = "$(BUILT_PRODUCTS_DIR)/speed_camera.app/$(BUNDLE_EXECUTABLE_FOLDER_PATH)/speed_camera";
			};
			name = Debug;
		};
		D7B322D92C2710FB000F33DE /* Release */ = {
			isa = XCBuildConfiguration;
			buildSettings = {
				ALWAYS_EMBED_SWIFT_STANDARD_LIBRARIES = YES;
				BUNDLE_LOADER = "$(TEST_HOST)";
				CODE_SIGN_STYLE = Automatic;
				CURRENT_PROJECT_VERSION = 1;
				DEVELOPMENT_TEAM = Y4HX7H44DM;
				GENERATE_INFOPLIST_FILE = YES;
				IPHONEOS_DEPLOYMENT_TARGET = 17.5;
				MACOSX_DEPLOYMENT_TARGET = 14.5;
				MARKETING_VERSION = 1.0;
				PRODUCT_BUNDLE_IDENTIFIER = "com.app.speed-cameraTests";
				PRODUCT_NAME = "$(TARGET_NAME)";
				SDKROOT = auto;
				SUPPORTED_PLATFORMS = "iphoneos iphonesimulator macosx";
				SWIFT_EMIT_LOC_STRINGS = NO;
				SWIFT_VERSION = 5.0;
				TARGETED_DEVICE_FAMILY = "1,2";
				TEST_HOST = "$(BUILT_PRODUCTS_DIR)/speed_camera.app/$(BUNDLE_EXECUTABLE_FOLDER_PATH)/speed_camera";
			};
			name = Release;
		};
		D7B322DB2C2710FB000F33DE /* Debug */ = {
			isa = XCBuildConfiguration;
			buildSettings = {
				ALWAYS_EMBED_SWIFT_STANDARD_LIBRARIES = YES;
				CODE_SIGN_STYLE = Automatic;
				CURRENT_PROJECT_VERSION = 1;
				DEVELOPMENT_TEAM = Y4HX7H44DM;
				GENERATE_INFOPLIST_FILE = YES;
				IPHONEOS_DEPLOYMENT_TARGET = 17.5;
				MACOSX_DEPLOYMENT_TARGET = 14.5;
				MARKETING_VERSION = 1.0;
				PRODUCT_BUNDLE_IDENTIFIER = "com.app.speed-cameraUITests";
				PRODUCT_NAME = "$(TARGET_NAME)";
				SDKROOT = auto;
				SUPPORTED_PLATFORMS = "iphoneos iphonesimulator macosx";
				SWIFT_EMIT_LOC_STRINGS = NO;
				SWIFT_VERSION = 5.0;
				TARGETED_DEVICE_FAMILY = "1,2";
				TEST_TARGET_NAME = speed_camera;
			};
			name = Debug;
		};
		D7B322DC2C2710FB000F33DE /* Release */ = {
			isa = XCBuildConfiguration;
			buildSettings = {
				ALWAYS_EMBED_SWIFT_STANDARD_LIBRARIES = YES;
				CODE_SIGN_STYLE = Automatic;
				CURRENT_PROJECT_VERSION = 1;
				DEVELOPMENT_TEAM = Y4HX7H44DM;
				GENERATE_INFOPLIST_FILE = YES;
				IPHONEOS_DEPLOYMENT_TARGET = 17.5;
				MACOSX_DEPLOYMENT_TARGET = 14.5;
				MARKETING_VERSION = 1.0;
				PRODUCT_BUNDLE_IDENTIFIER = "com.app.speed-cameraUITests";
				PRODUCT_NAME = "$(TARGET_NAME)";
				SDKROOT = auto;
				SUPPORTED_PLATFORMS = "iphoneos iphonesimulator macosx";
				SWIFT_EMIT_LOC_STRINGS = NO;
				SWIFT_VERSION = 5.0;
				TARGETED_DEVICE_FAMILY = "1,2";
				TEST_TARGET_NAME = speed_camera;
			};
			name = Release;
		};
/* End XCBuildConfiguration section */

/* Begin XCConfigurationList section */
		D7B322AA2C2710F9000F33DE /* Build configuration list for PBXProject "speed_camera" */ = {
			isa = XCConfigurationList;
			buildConfigurations = (
				D7B322D22C2710FB000F33DE /* Debug */,
				D7B322D32C2710FB000F33DE /* Release */,
			);
			defaultConfigurationIsVisible = 0;
			defaultConfigurationName = Release;
		};
		D7B322D42C2710FB000F33DE /* Build configuration list for PBXNativeTarget "speed_camera" */ = {
			isa = XCConfigurationList;
			buildConfigurations = (
				D7B322D52C2710FB000F33DE /* Debug */,
				D7B322D62C2710FB000F33DE /* Release */,
			);
			defaultConfigurationIsVisible = 0;
			defaultConfigurationName = Release;
		};
		D7B322D72C2710FB000F33DE /* Build configuration list for PBXNativeTarget "speed_cameraTests" */ = {
			isa = XCConfigurationList;
			buildConfigurations = (
				D7B322D82C2710FB000F33DE /* Debug */,
				D7B322D92C2710FB000F33DE /* Release */,
			);
			defaultConfigurationIsVisible = 0;
			defaultConfigurationName = Release;
		};
		D7B322DA2C2710FB000F33DE /* Build configuration list for PBXNativeTarget "speed_cameraUITests" */ = {
			isa = XCConfigurationList;
			buildConfigurations = (
				D7B322DB2C2710FB000F33DE /* Debug */,
				D7B322DC2C2710FB000F33DE /* Release */,
			);
			defaultConfigurationIsVisible = 0;
			defaultConfigurationName = Release;
		};
/* End XCConfigurationList section */
	};
	rootObject = D7B322A72C2710F9000F33DE /* Project object */;
}
